// !$*UTF8*$!
{
	archiveVersion = 1;
	classes = {
	};
	objectVersion = 55;
	objects = {

/* Begin PBXBuildFile section */
		FF172F542886C5480035FE5E /* ProfileView.swift in Sources */ = {isa = PBXBuildFile; fileRef = FF172F532886C5480035FE5E /* ProfileView.swift */; };
		FF172F562886C68E0035FE5E /* ProfileDataRequest.swift in Sources */ = {isa = PBXBuildFile; fileRef = FF172F552886C68E0035FE5E /* ProfileDataRequest.swift */; };
		FF19ACB72884BC6200D37011 /* TravellerAcceptRejectRequestModel.swift in Sources */ = {isa = PBXBuildFile; fileRef = FF19ACB62884BC6200D37011 /* TravellerAcceptRejectRequestModel.swift */; };
		FF19ACB92884BC7400D37011 /* TravellerAcceptRejectResponseModel.swift in Sources */ = {isa = PBXBuildFile; fileRef = FF19ACB82884BC7400D37011 /* TravellerAcceptRejectResponseModel.swift */; };
		FF19ACBF2885478D00D37011 /* TravellerDetailsView.swift in Sources */ = {isa = PBXBuildFile; fileRef = FF19ACBE2885478D00D37011 /* TravellerDetailsView.swift */; };
		FF19ACC228859CD800D37011 /* ProfileDataResponseModel.swift in Sources */ = {isa = PBXBuildFile; fileRef = FF19ACC128859CD800D37011 /* ProfileDataResponseModel.swift */; };
		FF19ACC42885F7FB00D37011 /* ConfirmationOTPResponseModel.swift in Sources */ = {isa = PBXBuildFile; fileRef = FF19ACC32885F7FB00D37011 /* ConfirmationOTPResponseModel.swift */; };
		FF19ACC9288606FD00D37011 /* DeliveredRequestModel.swift in Sources */ = {isa = PBXBuildFile; fileRef = FF19ACC8288606FD00D37011 /* DeliveredRequestModel.swift */; };
		FF2163B12888508B00FA6605 /* FindTravellersView.swift in Sources */ = {isa = PBXBuildFile; fileRef = FF2163B02888508B00FA6605 /* FindTravellersView.swift */; };
		FF2163B3288851B600FA6605 /* ShippingDetailsView.swift in Sources */ = {isa = PBXBuildFile; fileRef = FF2163B2288851B600FA6605 /* ShippingDetailsView.swift */; };
		FF2163B6288859CE00FA6605 /* LogoutResponseModel.swift in Sources */ = {isa = PBXBuildFile; fileRef = FF2163B5288859CE00FA6605 /* LogoutResponseModel.swift */; };
		FF2163B82888A22600FA6605 /* AvailableTravellersListView.swift in Sources */ = {isa = PBXBuildFile; fileRef = FF2163B72888A22600FA6605 /* AvailableTravellersListView.swift */; };
		FF2163BB2888A40300FA6605 /* TravellerTravelFormViewModel.swift in Sources */ = {isa = PBXBuildFile; fileRef = FF2163BA2888A40300FA6605 /* TravellerTravelFormViewModel.swift */; };
		FF2163BE2888AE4F00FA6605 /* AvailableTravellersResponseDataModel.swift in Sources */ = {isa = PBXBuildFile; fileRef = FF2163BD2888AE4F00FA6605 /* AvailableTravellersResponseDataModel.swift */; };
		FF4D4B322879E514006D8B97 /* ShipXApp.swift in Sources */ = {isa = PBXBuildFile; fileRef = FF4D4B312879E514006D8B97 /* ShipXApp.swift */; };
		FF4D4B362879E517006D8B97 /* Assets.xcassets in Resources */ = {isa = PBXBuildFile; fileRef = FF4D4B352879E517006D8B97 /* Assets.xcassets */; };
		FF4D4B392879E517006D8B97 /* Preview Assets.xcassets in Resources */ = {isa = PBXBuildFile; fileRef = FF4D4B382879E517006D8B97 /* Preview Assets.xcassets */; };
		FF4D4B432879E517006D8B97 /* ShipXTests.swift in Sources */ = {isa = PBXBuildFile; fileRef = FF4D4B422879E517006D8B97 /* ShipXTests.swift */; };
		FF4D4B4D2879E517006D8B97 /* ShipXUITests.swift in Sources */ = {isa = PBXBuildFile; fileRef = FF4D4B4C2879E517006D8B97 /* ShipXUITests.swift */; };
		FF4D4B4F2879E517006D8B97 /* ShipXUITestsLaunchTests.swift in Sources */ = {isa = PBXBuildFile; fileRef = FF4D4B4E2879E517006D8B97 /* ShipXUITestsLaunchTests.swift */; };
		FF4D4B652879EB56006D8B97 /* URLs.swift in Sources */ = {isa = PBXBuildFile; fileRef = FF4D4B642879EB56006D8B97 /* URLs.swift */; };
		FF4D4B672879EBD6006D8B97 /* AppColors.swift in Sources */ = {isa = PBXBuildFile; fileRef = FF4D4B662879EBD6006D8B97 /* AppColors.swift */; };
		FF4D4B6B2879ECB3006D8B97 /* LoginRegisterSelectionView.swift in Sources */ = {isa = PBXBuildFile; fileRef = FF4D4B6A2879ECB3006D8B97 /* LoginRegisterSelectionView.swift */; };
		FF4D4B6D2879F029006D8B97 /* ScreenSizes.swift in Sources */ = {isa = PBXBuildFile; fileRef = FF4D4B6C2879F029006D8B97 /* ScreenSizes.swift */; };
		FF4D4B6F287A0011006D8B97 /* RegisterView.swift in Sources */ = {isa = PBXBuildFile; fileRef = FF4D4B6E287A0011006D8B97 /* RegisterView.swift */; };
		FF4D4B71287A0025006D8B97 /* LoginView.swift in Sources */ = {isa = PBXBuildFile; fileRef = FF4D4B70287A0025006D8B97 /* LoginView.swift */; };
		FF4D4B74287DA72F006D8B97 /* RegisterRequestModel.swift in Sources */ = {isa = PBXBuildFile; fileRef = FF4D4B73287DA72F006D8B97 /* RegisterRequestModel.swift */; };
		FF4D4B77287DE18F006D8B97 /* Alamofire in Frameworks */ = {isa = PBXBuildFile; productRef = FF4D4B76287DE18F006D8B97 /* Alamofire */; };
		FF4D4B79287DE8B9006D8B97 /* RegisterResponseModel.swift in Sources */ = {isa = PBXBuildFile; fileRef = FF4D4B78287DE8B9006D8B97 /* RegisterResponseModel.swift */; };
		FF4D4B7B287DF5BF006D8B97 /* RegisterOTPResponseModel.swift in Sources */ = {isa = PBXBuildFile; fileRef = FF4D4B7A287DF5BF006D8B97 /* RegisterOTPResponseModel.swift */; };
		FF4D4B8028802CEE006D8B97 /* LoginRequestModel.swift in Sources */ = {isa = PBXBuildFile; fileRef = FF4D4B7F28802CEE006D8B97 /* LoginRequestModel.swift */; };
		FF4D4B8228803DCF006D8B97 /* LoginResponseModel.swift in Sources */ = {isa = PBXBuildFile; fileRef = FF4D4B8128803DCF006D8B97 /* LoginResponseModel.swift */; };
		FF4D4B85288045D7006D8B97 /* SwitchRoleResponseModel.swift in Sources */ = {isa = PBXBuildFile; fileRef = FF4D4B84288045D7006D8B97 /* SwitchRoleResponseModel.swift */; };
		FF4D4B87288045E5006D8B97 /* SwitchRoleRequestModel.swift in Sources */ = {isa = PBXBuildFile; fileRef = FF4D4B86288045E5006D8B97 /* SwitchRoleRequestModel.swift */; };
		FF4D4B8928804A3E006D8B97 /* RefreshTokenHelper.swift in Sources */ = {isa = PBXBuildFile; fileRef = FF4D4B8828804A3E006D8B97 /* RefreshTokenHelper.swift */; };
		FF4D4B8B28805996006D8B97 /* ForgotPasswordView.swift in Sources */ = {isa = PBXBuildFile; fileRef = FF4D4B8A28805996006D8B97 /* ForgotPasswordView.swift */; };
		FF4D4B8E28807A9A006D8B97 /* ForgotPasswordRequestModel.swift in Sources */ = {isa = PBXBuildFile; fileRef = FF4D4B8D28807A9A006D8B97 /* ForgotPasswordRequestModel.swift */; };
		FF4D4B9028807AA6006D8B97 /* ForgotPasswordResponseModel.swift in Sources */ = {isa = PBXBuildFile; fileRef = FF4D4B8F28807AA6006D8B97 /* ForgotPasswordResponseModel.swift */; };
		FF4D4B922880845C006D8B97 /* ForgotPasswordOTPResponseModel.swift in Sources */ = {isa = PBXBuildFile; fileRef = FF4D4B912880845C006D8B97 /* ForgotPasswordOTPResponseModel.swift */; };
		FF4D4B9828808A80006D8B97 /* SenderHomeTabView.swift in Sources */ = {isa = PBXBuildFile; fileRef = FF4D4B9728808A80006D8B97 /* SenderHomeTabView.swift */; };
		FF4D4B9A28808A9F006D8B97 /* ReceiverHomeTabView.swift in Sources */ = {isa = PBXBuildFile; fileRef = FF4D4B9928808A9F006D8B97 /* ReceiverHomeTabView.swift */; };
		FF4D4B9C28808ACC006D8B97 /* TravellerHomeTabView.swift in Sources */ = {isa = PBXBuildFile; fileRef = FF4D4B9B28808ACC006D8B97 /* TravellerHomeTabView.swift */; };
		FF4D4B9E2881A694006D8B97 /* TravellerTravelView.swift in Sources */ = {isa = PBXBuildFile; fileRef = FF4D4B9D2881A694006D8B97 /* TravellerTravelView.swift */; };
		FF4D4BA12881BAF8006D8B97 /* LocationSearchViewFrom.swift in Sources */ = {isa = PBXBuildFile; fileRef = FF4D4BA02881BAF8006D8B97 /* LocationSearchViewFrom.swift */; };
		FF4D4BA428820030006D8B97 /* LocationModel.swift in Sources */ = {isa = PBXBuildFile; fileRef = FF4D4BA328820030006D8B97 /* LocationModel.swift */; };
		FF4D4BA62882955B006D8B97 /* LocationSearchViewTo.swift in Sources */ = {isa = PBXBuildFile; fileRef = FF4D4BA52882955B006D8B97 /* LocationSearchViewTo.swift */; };
		FF4D4BA92882B561006D8B97 /* TravellerTravelRequestModel.swift in Sources */ = {isa = PBXBuildFile; fileRef = FF4D4BA82882B561006D8B97 /* TravellerTravelRequestModel.swift */; };
		FF4D4BAB2882B5A5006D8B97 /* TravellerTravelResponseModel.swift in Sources */ = {isa = PBXBuildFile; fileRef = FF4D4BAA2882B5A5006D8B97 /* TravellerTravelResponseModel.swift */; };
		FF9AF562288324480094541B /* Extensions.swift in Sources */ = {isa = PBXBuildFile; fileRef = FF9AF561288324480094541B /* Extensions.swift */; };
		FF9AF5672883F8020094541B /* ShippingProcessResponseModel.swift in Sources */ = {isa = PBXBuildFile; fileRef = FF9AF5662883F8020094541B /* ShippingProcessResponseModel.swift */; };
		FF9AF5692883F8C50094541B /* TravellerRequestsView.swift in Sources */ = {isa = PBXBuildFile; fileRef = FF9AF5682883F8C50094541B /* TravellerRequestsView.swift */; };
		FF9AF56B288418FE0094541B /* ShippingProcessDataRequest.swift in Sources */ = {isa = PBXBuildFile; fileRef = FF9AF56A288418FE0094541B /* ShippingProcessDataRequest.swift */; };
		FF9BEF2C28898192004E2500 /* SenderRequestView.swift in Sources */ = {isa = PBXBuildFile; fileRef = FF9BEF2B28898192004E2500 /* SenderRequestView.swift */; };
		FF9BEF2E2889AA84004E2500 /* SenderShippingRequestModel.swift in Sources */ = {isa = PBXBuildFile; fileRef = FF9BEF2D2889AA84004E2500 /* SenderShippingRequestModel.swift */; };
		FF9BEF302889AAC9004E2500 /* SenderShippingResponseModel.swift in Sources */ = {isa = PBXBuildFile; fileRef = FF9BEF2F2889AAC9004E2500 /* SenderShippingResponseModel.swift */; };
		FF9BEF322889AEE3004E2500 /* ShippingCostResponseModel.swift in Sources */ = {isa = PBXBuildFile; fileRef = FF9BEF312889AEE3004E2500 /* ShippingCostResponseModel.swift */; };
		FF9BEF342889E75A004E2500 /* ImagePicker.swift in Sources */ = {isa = PBXBuildFile; fileRef = FF9BEF332889E75A004E2500 /* ImagePicker.swift */; };
		FF9BEF362889ECA9004E2500 /* ImageUploadResponseModel.swift in Sources */ = {isa = PBXBuildFile; fileRef = FF9BEF352889ECA9004E2500 /* ImageUploadResponseModel.swift */; };
/* End PBXBuildFile section */

/* Begin PBXContainerItemProxy section */
		FF4D4B3F2879E517006D8B97 /* PBXContainerItemProxy */ = {
			isa = PBXContainerItemProxy;
			containerPortal = FF4D4B262879E513006D8B97 /* Project object */;
			proxyType = 1;
			remoteGlobalIDString = FF4D4B2D2879E513006D8B97;
			remoteInfo = ShipX;
		};
		FF4D4B492879E517006D8B97 /* PBXContainerItemProxy */ = {
			isa = PBXContainerItemProxy;
			containerPortal = FF4D4B262879E513006D8B97 /* Project object */;
			proxyType = 1;
			remoteGlobalIDString = FF4D4B2D2879E513006D8B97;
			remoteInfo = ShipX;
		};
/* End PBXContainerItemProxy section */

/* Begin PBXFileReference section */
		FF172F532886C5480035FE5E /* ProfileView.swift */ = {isa = PBXFileReference; lastKnownFileType = sourcecode.swift; path = ProfileView.swift; sourceTree = "<group>"; };
		FF172F552886C68E0035FE5E /* ProfileDataRequest.swift */ = {isa = PBXFileReference; lastKnownFileType = sourcecode.swift; path = ProfileDataRequest.swift; sourceTree = "<group>"; };
		FF19ACB62884BC6200D37011 /* TravellerAcceptRejectRequestModel.swift */ = {isa = PBXFileReference; lastKnownFileType = sourcecode.swift; path = TravellerAcceptRejectRequestModel.swift; sourceTree = "<group>"; };
		FF19ACB82884BC7400D37011 /* TravellerAcceptRejectResponseModel.swift */ = {isa = PBXFileReference; lastKnownFileType = sourcecode.swift; path = TravellerAcceptRejectResponseModel.swift; sourceTree = "<group>"; };
		FF19ACBE2885478D00D37011 /* TravellerDetailsView.swift */ = {isa = PBXFileReference; lastKnownFileType = sourcecode.swift; path = TravellerDetailsView.swift; sourceTree = "<group>"; };
		FF19ACC128859CD800D37011 /* ProfileDataResponseModel.swift */ = {isa = PBXFileReference; lastKnownFileType = sourcecode.swift; path = ProfileDataResponseModel.swift; sourceTree = "<group>"; };
		FF19ACC32885F7FB00D37011 /* ConfirmationOTPResponseModel.swift */ = {isa = PBXFileReference; lastKnownFileType = sourcecode.swift; path = ConfirmationOTPResponseModel.swift; sourceTree = "<group>"; };
		FF19ACC8288606FD00D37011 /* DeliveredRequestModel.swift */ = {isa = PBXFileReference; lastKnownFileType = sourcecode.swift; path = DeliveredRequestModel.swift; sourceTree = "<group>"; };
		FF2163B02888508B00FA6605 /* FindTravellersView.swift */ = {isa = PBXFileReference; lastKnownFileType = sourcecode.swift; path = FindTravellersView.swift; sourceTree = "<group>"; };
		FF2163B2288851B600FA6605 /* ShippingDetailsView.swift */ = {isa = PBXFileReference; lastKnownFileType = sourcecode.swift; path = ShippingDetailsView.swift; sourceTree = "<group>"; };
		FF2163B5288859CE00FA6605 /* LogoutResponseModel.swift */ = {isa = PBXFileReference; lastKnownFileType = sourcecode.swift; path = LogoutResponseModel.swift; sourceTree = "<group>"; };
		FF2163B72888A22600FA6605 /* AvailableTravellersListView.swift */ = {isa = PBXFileReference; lastKnownFileType = sourcecode.swift; path = AvailableTravellersListView.swift; sourceTree = "<group>"; };
		FF2163BA2888A40300FA6605 /* TravellerTravelFormViewModel.swift */ = {isa = PBXFileReference; lastKnownFileType = sourcecode.swift; path = TravellerTravelFormViewModel.swift; sourceTree = "<group>"; };
		FF2163BD2888AE4F00FA6605 /* AvailableTravellersResponseDataModel.swift */ = {isa = PBXFileReference; lastKnownFileType = sourcecode.swift; path = AvailableTravellersResponseDataModel.swift; sourceTree = "<group>"; };
		FF4D4B2E2879E513006D8B97 /* ShipX.app */ = {isa = PBXFileReference; explicitFileType = wrapper.application; includeInIndex = 0; path = ShipX.app; sourceTree = BUILT_PRODUCTS_DIR; };
		FF4D4B312879E514006D8B97 /* ShipXApp.swift */ = {isa = PBXFileReference; lastKnownFileType = sourcecode.swift; path = ShipXApp.swift; sourceTree = "<group>"; };
		FF4D4B352879E517006D8B97 /* Assets.xcassets */ = {isa = PBXFileReference; lastKnownFileType = folder.assetcatalog; path = Assets.xcassets; sourceTree = "<group>"; };
		FF4D4B382879E517006D8B97 /* Preview Assets.xcassets */ = {isa = PBXFileReference; lastKnownFileType = folder.assetcatalog; path = "Preview Assets.xcassets"; sourceTree = "<group>"; };
		FF4D4B3E2879E517006D8B97 /* ShipXTests.xctest */ = {isa = PBXFileReference; explicitFileType = wrapper.cfbundle; includeInIndex = 0; path = ShipXTests.xctest; sourceTree = BUILT_PRODUCTS_DIR; };
		FF4D4B422879E517006D8B97 /* ShipXTests.swift */ = {isa = PBXFileReference; lastKnownFileType = sourcecode.swift; path = ShipXTests.swift; sourceTree = "<group>"; };
		FF4D4B482879E517006D8B97 /* ShipXUITests.xctest */ = {isa = PBXFileReference; explicitFileType = wrapper.cfbundle; includeInIndex = 0; path = ShipXUITests.xctest; sourceTree = BUILT_PRODUCTS_DIR; };
		FF4D4B4C2879E517006D8B97 /* ShipXUITests.swift */ = {isa = PBXFileReference; lastKnownFileType = sourcecode.swift; path = ShipXUITests.swift; sourceTree = "<group>"; };
		FF4D4B4E2879E517006D8B97 /* ShipXUITestsLaunchTests.swift */ = {isa = PBXFileReference; lastKnownFileType = sourcecode.swift; path = ShipXUITestsLaunchTests.swift; sourceTree = "<group>"; };
		FF4D4B632879E84F006D8B97 /* Info.plist */ = {isa = PBXFileReference; lastKnownFileType = text.plist; path = Info.plist; sourceTree = "<group>"; };
		FF4D4B642879EB56006D8B97 /* URLs.swift */ = {isa = PBXFileReference; lastKnownFileType = sourcecode.swift; path = URLs.swift; sourceTree = "<group>"; };
		FF4D4B662879EBD6006D8B97 /* AppColors.swift */ = {isa = PBXFileReference; lastKnownFileType = sourcecode.swift; path = AppColors.swift; sourceTree = "<group>"; };
		FF4D4B6A2879ECB3006D8B97 /* LoginRegisterSelectionView.swift */ = {isa = PBXFileReference; lastKnownFileType = sourcecode.swift; path = LoginRegisterSelectionView.swift; sourceTree = "<group>"; };
		FF4D4B6C2879F029006D8B97 /* ScreenSizes.swift */ = {isa = PBXFileReference; lastKnownFileType = sourcecode.swift; path = ScreenSizes.swift; sourceTree = "<group>"; };
		FF4D4B6E287A0011006D8B97 /* RegisterView.swift */ = {isa = PBXFileReference; lastKnownFileType = sourcecode.swift; path = RegisterView.swift; sourceTree = "<group>"; };
		FF4D4B70287A0025006D8B97 /* LoginView.swift */ = {isa = PBXFileReference; lastKnownFileType = sourcecode.swift; path = LoginView.swift; sourceTree = "<group>"; };
		FF4D4B73287DA72F006D8B97 /* RegisterRequestModel.swift */ = {isa = PBXFileReference; lastKnownFileType = sourcecode.swift; path = RegisterRequestModel.swift; sourceTree = "<group>"; };
		FF4D4B78287DE8B9006D8B97 /* RegisterResponseModel.swift */ = {isa = PBXFileReference; lastKnownFileType = sourcecode.swift; path = RegisterResponseModel.swift; sourceTree = "<group>"; };
		FF4D4B7A287DF5BF006D8B97 /* RegisterOTPResponseModel.swift */ = {isa = PBXFileReference; lastKnownFileType = sourcecode.swift; path = RegisterOTPResponseModel.swift; sourceTree = "<group>"; };
		FF4D4B7F28802CEE006D8B97 /* LoginRequestModel.swift */ = {isa = PBXFileReference; lastKnownFileType = sourcecode.swift; path = LoginRequestModel.swift; sourceTree = "<group>"; };
		FF4D4B8128803DCF006D8B97 /* LoginResponseModel.swift */ = {isa = PBXFileReference; lastKnownFileType = sourcecode.swift; path = LoginResponseModel.swift; sourceTree = "<group>"; };
		FF4D4B84288045D7006D8B97 /* SwitchRoleResponseModel.swift */ = {isa = PBXFileReference; lastKnownFileType = sourcecode.swift; path = SwitchRoleResponseModel.swift; sourceTree = "<group>"; };
		FF4D4B86288045E5006D8B97 /* SwitchRoleRequestModel.swift */ = {isa = PBXFileReference; lastKnownFileType = sourcecode.swift; path = SwitchRoleRequestModel.swift; sourceTree = "<group>"; };
		FF4D4B8828804A3E006D8B97 /* RefreshTokenHelper.swift */ = {isa = PBXFileReference; lastKnownFileType = sourcecode.swift; path = RefreshTokenHelper.swift; sourceTree = "<group>"; };
		FF4D4B8A28805996006D8B97 /* ForgotPasswordView.swift */ = {isa = PBXFileReference; lastKnownFileType = sourcecode.swift; path = ForgotPasswordView.swift; sourceTree = "<group>"; };
		FF4D4B8D28807A9A006D8B97 /* ForgotPasswordRequestModel.swift */ = {isa = PBXFileReference; lastKnownFileType = sourcecode.swift; path = ForgotPasswordRequestModel.swift; sourceTree = "<group>"; };
		FF4D4B8F28807AA6006D8B97 /* ForgotPasswordResponseModel.swift */ = {isa = PBXFileReference; lastKnownFileType = sourcecode.swift; path = ForgotPasswordResponseModel.swift; sourceTree = "<group>"; };
		FF4D4B912880845C006D8B97 /* ForgotPasswordOTPResponseModel.swift */ = {isa = PBXFileReference; lastKnownFileType = sourcecode.swift; path = ForgotPasswordOTPResponseModel.swift; sourceTree = "<group>"; };
		FF4D4B9728808A80006D8B97 /* SenderHomeTabView.swift */ = {isa = PBXFileReference; lastKnownFileType = sourcecode.swift; path = SenderHomeTabView.swift; sourceTree = "<group>"; };
		FF4D4B9928808A9F006D8B97 /* ReceiverHomeTabView.swift */ = {isa = PBXFileReference; lastKnownFileType = sourcecode.swift; path = ReceiverHomeTabView.swift; sourceTree = "<group>"; };
		FF4D4B9B28808ACC006D8B97 /* TravellerHomeTabView.swift */ = {isa = PBXFileReference; lastKnownFileType = sourcecode.swift; path = TravellerHomeTabView.swift; sourceTree = "<group>"; };
		FF4D4B9D2881A694006D8B97 /* TravellerTravelView.swift */ = {isa = PBXFileReference; lastKnownFileType = sourcecode.swift; path = TravellerTravelView.swift; sourceTree = "<group>"; };
		FF4D4BA02881BAF8006D8B97 /* LocationSearchViewFrom.swift */ = {isa = PBXFileReference; lastKnownFileType = sourcecode.swift; path = LocationSearchViewFrom.swift; sourceTree = "<group>"; };
		FF4D4BA328820030006D8B97 /* LocationModel.swift */ = {isa = PBXFileReference; lastKnownFileType = sourcecode.swift; path = LocationModel.swift; sourceTree = "<group>"; };
		FF4D4BA52882955B006D8B97 /* LocationSearchViewTo.swift */ = {isa = PBXFileReference; lastKnownFileType = sourcecode.swift; path = LocationSearchViewTo.swift; sourceTree = "<group>"; };
		FF4D4BA82882B561006D8B97 /* TravellerTravelRequestModel.swift */ = {isa = PBXFileReference; lastKnownFileType = sourcecode.swift; path = TravellerTravelRequestModel.swift; sourceTree = "<group>"; };
		FF4D4BAA2882B5A5006D8B97 /* TravellerTravelResponseModel.swift */ = {isa = PBXFileReference; lastKnownFileType = sourcecode.swift; path = TravellerTravelResponseModel.swift; sourceTree = "<group>"; };
		FF9AF561288324480094541B /* Extensions.swift */ = {isa = PBXFileReference; lastKnownFileType = sourcecode.swift; path = Extensions.swift; sourceTree = "<group>"; };
		FF9AF5662883F8020094541B /* ShippingProcessResponseModel.swift */ = {isa = PBXFileReference; lastKnownFileType = sourcecode.swift; path = ShippingProcessResponseModel.swift; sourceTree = "<group>"; };
		FF9AF5682883F8C50094541B /* TravellerRequestsView.swift */ = {isa = PBXFileReference; lastKnownFileType = sourcecode.swift; path = TravellerRequestsView.swift; sourceTree = "<group>"; };
		FF9AF56A288418FE0094541B /* ShippingProcessDataRequest.swift */ = {isa = PBXFileReference; lastKnownFileType = sourcecode.swift; path = ShippingProcessDataRequest.swift; sourceTree = "<group>"; };
		FF9BEF2B28898192004E2500 /* SenderRequestView.swift */ = {isa = PBXFileReference; lastKnownFileType = sourcecode.swift; path = SenderRequestView.swift; sourceTree = "<group>"; };
		FF9BEF2D2889AA84004E2500 /* SenderShippingRequestModel.swift */ = {isa = PBXFileReference; lastKnownFileType = sourcecode.swift; path = SenderShippingRequestModel.swift; sourceTree = "<group>"; };
		FF9BEF2F2889AAC9004E2500 /* SenderShippingResponseModel.swift */ = {isa = PBXFileReference; lastKnownFileType = sourcecode.swift; path = SenderShippingResponseModel.swift; sourceTree = "<group>"; };
		FF9BEF312889AEE3004E2500 /* ShippingCostResponseModel.swift */ = {isa = PBXFileReference; lastKnownFileType = sourcecode.swift; path = ShippingCostResponseModel.swift; sourceTree = "<group>"; };
		FF9BEF332889E75A004E2500 /* ImagePicker.swift */ = {isa = PBXFileReference; lastKnownFileType = sourcecode.swift; path = ImagePicker.swift; sourceTree = "<group>"; };
		FF9BEF352889ECA9004E2500 /* ImageUploadResponseModel.swift */ = {isa = PBXFileReference; lastKnownFileType = sourcecode.swift; path = ImageUploadResponseModel.swift; sourceTree = "<group>"; };
/* End PBXFileReference section */

/* Begin PBXFrameworksBuildPhase section */
		FF4D4B2B2879E513006D8B97 /* Frameworks */ = {
			isa = PBXFrameworksBuildPhase;
			buildActionMask = 2147483647;
			files = (
				FF4D4B77287DE18F006D8B97 /* Alamofire in Frameworks */,
			);
			runOnlyForDeploymentPostprocessing = 0;
		};
		FF4D4B3B2879E517006D8B97 /* Frameworks */ = {
			isa = PBXFrameworksBuildPhase;
			buildActionMask = 2147483647;
			files = (
			);
			runOnlyForDeploymentPostprocessing = 0;
		};
		FF4D4B452879E517006D8B97 /* Frameworks */ = {
			isa = PBXFrameworksBuildPhase;
			buildActionMask = 2147483647;
			files = (
			);
			runOnlyForDeploymentPostprocessing = 0;
		};
/* End PBXFrameworksBuildPhase section */

/* Begin PBXGroup section */
		FF172F522886C52D0035FE5E /* ProfileView */ = {
			isa = PBXGroup;
			children = (
				FF172F532886C5480035FE5E /* ProfileView.swift */,
			);
			path = ProfileView;
			sourceTree = "<group>";
		};
		FF19ACC028859CC600D37011 /* ProfileDataModel */ = {
			isa = PBXGroup;
			children = (
				FF19ACC128859CD800D37011 /* ProfileDataResponseModel.swift */,
				FF9BEF352889ECA9004E2500 /* ImageUploadResponseModel.swift */,
			);
			path = ProfileDataModel;
			sourceTree = "<group>";
		};
		FF2163B4288859B700FA6605 /* LogoutModel */ = {
			isa = PBXGroup;
			children = (
				FF2163B5288859CE00FA6605 /* LogoutResponseModel.swift */,
			);
			path = LogoutModel;
			sourceTree = "<group>";
		};
		FF2163B92888A3C500FA6605 /* ObservableSingletonClass */ = {
			isa = PBXGroup;
			children = (
				FF2163BA2888A40300FA6605 /* TravellerTravelFormViewModel.swift */,
			);
			path = ObservableSingletonClass;
			sourceTree = "<group>";
		};
		FF2163BC2888AE2400FA6605 /* SenderModel */ = {
			isa = PBXGroup;
			children = (
				FF2163BD2888AE4F00FA6605 /* AvailableTravellersResponseDataModel.swift */,
				FF9BEF2D2889AA84004E2500 /* SenderShippingRequestModel.swift */,
				FF9BEF2F2889AAC9004E2500 /* SenderShippingResponseModel.swift */,
			);
			path = SenderModel;
			sourceTree = "<group>";
		};
		FF4D4B252879E513006D8B97 = {
			isa = PBXGroup;
			children = (
				FF4D4B302879E513006D8B97 /* ShipX */,
				FF4D4B412879E517006D8B97 /* ShipXTests */,
				FF4D4B4B2879E517006D8B97 /* ShipXUITests */,
				FF4D4B2F2879E513006D8B97 /* Products */,
			);
			sourceTree = "<group>";
		};
		FF4D4B2F2879E513006D8B97 /* Products */ = {
			isa = PBXGroup;
			children = (
				FF4D4B2E2879E513006D8B97 /* ShipX.app */,
				FF4D4B3E2879E517006D8B97 /* ShipXTests.xctest */,
				FF4D4B482879E517006D8B97 /* ShipXUITests.xctest */,
			);
			name = Products;
			sourceTree = "<group>";
		};
		FF4D4B302879E513006D8B97 /* ShipX */ = {
			isa = PBXGroup;
			children = (
				FF4D4B632879E84F006D8B97 /* Info.plist */,
				FF4D4B5D2879E769006D8B97 /* App */,
				FF4D4B5E2879E77E006D8B97 /* Views */,
				FF4D4B5F2879E783006D8B97 /* Models */,
				FF2163B92888A3C500FA6605 /* ObservableSingletonClass */,
				FF4D4B602879E794006D8B97 /* Network */,
				FF4D4B612879E7A2006D8B97 /* Helper */,
				FF4D4B622879E7B6006D8B97 /* URLs */,
				FF4D4B352879E517006D8B97 /* Assets.xcassets */,
				FF4D4B372879E517006D8B97 /* Preview Content */,
			);
			path = ShipX;
			sourceTree = "<group>";
		};
		FF4D4B372879E517006D8B97 /* Preview Content */ = {
			isa = PBXGroup;
			children = (
				FF4D4B382879E517006D8B97 /* Preview Assets.xcassets */,
			);
			path = "Preview Content";
			sourceTree = "<group>";
		};
		FF4D4B412879E517006D8B97 /* ShipXTests */ = {
			isa = PBXGroup;
			children = (
				FF4D4B422879E517006D8B97 /* ShipXTests.swift */,
			);
			path = ShipXTests;
			sourceTree = "<group>";
		};
		FF4D4B4B2879E517006D8B97 /* ShipXUITests */ = {
			isa = PBXGroup;
			children = (
				FF4D4B4C2879E517006D8B97 /* ShipXUITests.swift */,
				FF4D4B4E2879E517006D8B97 /* ShipXUITestsLaunchTests.swift */,
			);
			path = ShipXUITests;
			sourceTree = "<group>";
		};
		FF4D4B5D2879E769006D8B97 /* App */ = {
			isa = PBXGroup;
			children = (
				FF4D4B312879E514006D8B97 /* ShipXApp.swift */,
			);
			path = App;
			sourceTree = "<group>";
		};
		FF4D4B5E2879E77E006D8B97 /* Views */ = {
			isa = PBXGroup;
			children = (
				FF4D4B93288089E1006D8B97 /* AuthViews */,
				FF4D4B94288089F7006D8B97 /* SenderViews */,
				FF4D4B9528808A0D006D8B97 /* ReceiverViews */,
				FF4D4B9628808A4D006D8B97 /* TravellerViews */,
				FF4D4B9F2881BAD1006D8B97 /* LocationSearchView */,
				FF172F522886C52D0035FE5E /* ProfileView */,
			);
			path = Views;
			sourceTree = "<group>";
		};
		FF4D4B5F2879E783006D8B97 /* Models */ = {
			isa = PBXGroup;
			children = (
				FF19ACC028859CC600D37011 /* ProfileDataModel */,
				FF4D4B72287DA438006D8B97 /* RegisterModel */,
				FF4D4B7E28802CD5006D8B97 /* LoginModel */,
				FF2163B4288859B700FA6605 /* LogoutModel */,
				FF4D4B832880459B006D8B97 /* SwitchRoleModel */,
				FF4D4B8C28807A7B006D8B97 /* ForgotPasswordModel */,
				FF4D4BA228820014006D8B97 /* LocationModel */,
				FF4D4BA72882B54D006D8B97 /* TravellerModel */,
				FF2163BC2888AE2400FA6605 /* SenderModel */,
				FF9AF5632883F7C20094541B /* ShippingProcessModel */,
			);
			path = Models;
			sourceTree = "<group>";
		};
		FF4D4B602879E794006D8B97 /* Network */ = {
			isa = PBXGroup;
			children = (
				FF4D4B8828804A3E006D8B97 /* RefreshTokenHelper.swift */,
				FF9AF56A288418FE0094541B /* ShippingProcessDataRequest.swift */,
				FF172F552886C68E0035FE5E /* ProfileDataRequest.swift */,
			);
			path = Network;
			sourceTree = "<group>";
		};
		FF4D4B612879E7A2006D8B97 /* Helper */ = {
			isa = PBXGroup;
			children = (
				FF4D4B662879EBD6006D8B97 /* AppColors.swift */,
				FF4D4B6C2879F029006D8B97 /* ScreenSizes.swift */,
				FF9AF561288324480094541B /* Extensions.swift */,
				FF9BEF332889E75A004E2500 /* ImagePicker.swift */,
			);
			path = Helper;
			sourceTree = "<group>";
		};
		FF4D4B622879E7B6006D8B97 /* URLs */ = {
			isa = PBXGroup;
			children = (
				FF4D4B642879EB56006D8B97 /* URLs.swift */,
			);
			path = URLs;
			sourceTree = "<group>";
		};
		FF4D4B72287DA438006D8B97 /* RegisterModel */ = {
			isa = PBXGroup;
			children = (
				FF4D4B73287DA72F006D8B97 /* RegisterRequestModel.swift */,
				FF4D4B78287DE8B9006D8B97 /* RegisterResponseModel.swift */,
				FF4D4B7A287DF5BF006D8B97 /* RegisterOTPResponseModel.swift */,
			);
			path = RegisterModel;
			sourceTree = "<group>";
		};
		FF4D4B7E28802CD5006D8B97 /* LoginModel */ = {
			isa = PBXGroup;
			children = (
				FF4D4B7F28802CEE006D8B97 /* LoginRequestModel.swift */,
				FF4D4B8128803DCF006D8B97 /* LoginResponseModel.swift */,
			);
			path = LoginModel;
			sourceTree = "<group>";
		};
		FF4D4B832880459B006D8B97 /* SwitchRoleModel */ = {
			isa = PBXGroup;
			children = (
				FF4D4B86288045E5006D8B97 /* SwitchRoleRequestModel.swift */,
				FF4D4B84288045D7006D8B97 /* SwitchRoleResponseModel.swift */,
			);
			path = SwitchRoleModel;
			sourceTree = "<group>";
		};
		FF4D4B8C28807A7B006D8B97 /* ForgotPasswordModel */ = {
			isa = PBXGroup;
			children = (
				FF4D4B8D28807A9A006D8B97 /* ForgotPasswordRequestModel.swift */,
				FF4D4B8F28807AA6006D8B97 /* ForgotPasswordResponseModel.swift */,
				FF4D4B912880845C006D8B97 /* ForgotPasswordOTPResponseModel.swift */,
			);
			path = ForgotPasswordModel;
			sourceTree = "<group>";
		};
		FF4D4B93288089E1006D8B97 /* AuthViews */ = {
			isa = PBXGroup;
			children = (
				FF4D4B6A2879ECB3006D8B97 /* LoginRegisterSelectionView.swift */,
				FF4D4B6E287A0011006D8B97 /* RegisterView.swift */,
				FF4D4B70287A0025006D8B97 /* LoginView.swift */,
				FF4D4B8A28805996006D8B97 /* ForgotPasswordView.swift */,
			);
			path = AuthViews;
			sourceTree = "<group>";
		};
		FF4D4B94288089F7006D8B97 /* SenderViews */ = {
			isa = PBXGroup;
			children = (
				FF4D4B9728808A80006D8B97 /* SenderHomeTabView.swift */,
				FF2163B02888508B00FA6605 /* FindTravellersView.swift */,
				FF2163B72888A22600FA6605 /* AvailableTravellersListView.swift */,
				FF9BEF2B28898192004E2500 /* SenderRequestView.swift */,
				FF2163B2288851B600FA6605 /* ShippingDetailsView.swift */,
			);
			path = SenderViews;
			sourceTree = "<group>";
		};
		FF4D4B9528808A0D006D8B97 /* ReceiverViews */ = {
			isa = PBXGroup;
			children = (
				FF4D4B9928808A9F006D8B97 /* ReceiverHomeTabView.swift */,
			);
			path = ReceiverViews;
			sourceTree = "<group>";
		};
		FF4D4B9628808A4D006D8B97 /* TravellerViews */ = {
			isa = PBXGroup;
			children = (
				FF4D4B9B28808ACC006D8B97 /* TravellerHomeTabView.swift */,
				FF4D4B9D2881A694006D8B97 /* TravellerTravelView.swift */,
				FF9AF5682883F8C50094541B /* TravellerRequestsView.swift */,
				FF19ACBE2885478D00D37011 /* TravellerDetailsView.swift */,
			);
			path = TravellerViews;
			sourceTree = "<group>";
		};
		FF4D4B9F2881BAD1006D8B97 /* LocationSearchView */ = {
			isa = PBXGroup;
			children = (
				FF4D4BA02881BAF8006D8B97 /* LocationSearchViewFrom.swift */,
				FF4D4BA52882955B006D8B97 /* LocationSearchViewTo.swift */,
			);
			path = LocationSearchView;
			sourceTree = "<group>";
		};
		FF4D4BA228820014006D8B97 /* LocationModel */ = {
			isa = PBXGroup;
			children = (
				FF4D4BA328820030006D8B97 /* LocationModel.swift */,
			);
			path = LocationModel;
			sourceTree = "<group>";
		};
		FF4D4BA72882B54D006D8B97 /* TravellerModel */ = {
			isa = PBXGroup;
			children = (
				FF4D4BA82882B561006D8B97 /* TravellerTravelRequestModel.swift */,
				FF4D4BAA2882B5A5006D8B97 /* TravellerTravelResponseModel.swift */,
				FF19ACB62884BC6200D37011 /* TravellerAcceptRejectRequestModel.swift */,
				FF19ACB82884BC7400D37011 /* TravellerAcceptRejectResponseModel.swift */,
				FF19ACC32885F7FB00D37011 /* ConfirmationOTPResponseModel.swift */,
				FF19ACC8288606FD00D37011 /* DeliveredRequestModel.swift */,
			);
			path = TravellerModel;
			sourceTree = "<group>";
		};
		FF9AF5632883F7C20094541B /* ShippingProcessModel */ = {
			isa = PBXGroup;
			children = (
				FF9AF5662883F8020094541B /* ShippingProcessResponseModel.swift */,
				FF9BEF312889AEE3004E2500 /* ShippingCostResponseModel.swift */,
			);
			path = ShippingProcessModel;
			sourceTree = "<group>";
		};
/* End PBXGroup section */

/* Begin PBXNativeTarget section */
		FF4D4B2D2879E513006D8B97 /* ShipX */ = {
			isa = PBXNativeTarget;
			buildConfigurationList = FF4D4B522879E517006D8B97 /* Build configuration list for PBXNativeTarget "ShipX" */;
			buildPhases = (
				FF4D4B2A2879E513006D8B97 /* Sources */,
				FF4D4B2B2879E513006D8B97 /* Frameworks */,
				FF4D4B2C2879E513006D8B97 /* Resources */,
			);
			buildRules = (
			);
			dependencies = (
			);
			name = ShipX;
			packageProductDependencies = (
				FF4D4B76287DE18F006D8B97 /* Alamofire */,
			);
			productName = ShipX;
			productReference = FF4D4B2E2879E513006D8B97 /* ShipX.app */;
			productType = "com.apple.product-type.application";
		};
		FF4D4B3D2879E517006D8B97 /* ShipXTests */ = {
			isa = PBXNativeTarget;
			buildConfigurationList = FF4D4B552879E517006D8B97 /* Build configuration list for PBXNativeTarget "ShipXTests" */;
			buildPhases = (
				FF4D4B3A2879E517006D8B97 /* Sources */,
				FF4D4B3B2879E517006D8B97 /* Frameworks */,
				FF4D4B3C2879E517006D8B97 /* Resources */,
			);
			buildRules = (
			);
			dependencies = (
				FF4D4B402879E517006D8B97 /* PBXTargetDependency */,
			);
			name = ShipXTests;
			productName = ShipXTests;
			productReference = FF4D4B3E2879E517006D8B97 /* ShipXTests.xctest */;
			productType = "com.apple.product-type.bundle.unit-test";
		};
		FF4D4B472879E517006D8B97 /* ShipXUITests */ = {
			isa = PBXNativeTarget;
			buildConfigurationList = FF4D4B582879E517006D8B97 /* Build configuration list for PBXNativeTarget "ShipXUITests" */;
			buildPhases = (
				FF4D4B442879E517006D8B97 /* Sources */,
				FF4D4B452879E517006D8B97 /* Frameworks */,
				FF4D4B462879E517006D8B97 /* Resources */,
			);
			buildRules = (
			);
			dependencies = (
				FF4D4B4A2879E517006D8B97 /* PBXTargetDependency */,
			);
			name = ShipXUITests;
			productName = ShipXUITests;
			productReference = FF4D4B482879E517006D8B97 /* ShipXUITests.xctest */;
			productType = "com.apple.product-type.bundle.ui-testing";
		};
/* End PBXNativeTarget section */

/* Begin PBXProject section */
		FF4D4B262879E513006D8B97 /* Project object */ = {
			isa = PBXProject;
			attributes = {
				BuildIndependentTargetsInParallel = 1;
				LastSwiftUpdateCheck = 1340;
				LastUpgradeCheck = 1340;
				TargetAttributes = {
					FF4D4B2D2879E513006D8B97 = {
						CreatedOnToolsVersion = 13.4.1;
					};
					FF4D4B3D2879E517006D8B97 = {
						CreatedOnToolsVersion = 13.4.1;
						TestTargetID = FF4D4B2D2879E513006D8B97;
					};
					FF4D4B472879E517006D8B97 = {
						CreatedOnToolsVersion = 13.4.1;
						TestTargetID = FF4D4B2D2879E513006D8B97;
					};
				};
			};
			buildConfigurationList = FF4D4B292879E513006D8B97 /* Build configuration list for PBXProject "ShipX" */;
			compatibilityVersion = "Xcode 13.0";
			developmentRegion = en;
			hasScannedForEncodings = 0;
			knownRegions = (
				en,
				Base,
			);
			mainGroup = FF4D4B252879E513006D8B97;
			packageReferences = (
				FF4D4B75287DE18F006D8B97 /* XCRemoteSwiftPackageReference "Alamofire" */,
			);
			productRefGroup = FF4D4B2F2879E513006D8B97 /* Products */;
			projectDirPath = "";
			projectRoot = "";
			targets = (
				FF4D4B2D2879E513006D8B97 /* ShipX */,
				FF4D4B3D2879E517006D8B97 /* ShipXTests */,
				FF4D4B472879E517006D8B97 /* ShipXUITests */,
			);
		};
/* End PBXProject section */

/* Begin PBXResourcesBuildPhase section */
		FF4D4B2C2879E513006D8B97 /* Resources */ = {
			isa = PBXResourcesBuildPhase;
			buildActionMask = 2147483647;
			files = (
				FF4D4B392879E517006D8B97 /* Preview Assets.xcassets in Resources */,
				FF4D4B362879E517006D8B97 /* Assets.xcassets in Resources */,
			);
			runOnlyForDeploymentPostprocessing = 0;
		};
		FF4D4B3C2879E517006D8B97 /* Resources */ = {
			isa = PBXResourcesBuildPhase;
			buildActionMask = 2147483647;
			files = (
			);
			runOnlyForDeploymentPostprocessing = 0;
		};
		FF4D4B462879E517006D8B97 /* Resources */ = {
			isa = PBXResourcesBuildPhase;
			buildActionMask = 2147483647;
			files = (
			);
			runOnlyForDeploymentPostprocessing = 0;
		};
/* End PBXResourcesBuildPhase section */

/* Begin PBXSourcesBuildPhase section */
		FF4D4B2A2879E513006D8B97 /* Sources */ = {
			isa = PBXSourcesBuildPhase;
			buildActionMask = 2147483647;
			files = (
				FF4D4B9A28808A9F006D8B97 /* ReceiverHomeTabView.swift in Sources */,
				FF172F542886C5480035FE5E /* ProfileView.swift in Sources */,
				FF2163B12888508B00FA6605 /* FindTravellersView.swift in Sources */,
				FF9BEF342889E75A004E2500 /* ImagePicker.swift in Sources */,
				FF4D4B8928804A3E006D8B97 /* RefreshTokenHelper.swift in Sources */,
				FF9AF5672883F8020094541B /* ShippingProcessResponseModel.swift in Sources */,
				FF19ACC42885F7FB00D37011 /* ConfirmationOTPResponseModel.swift in Sources */,
				FF4D4B8228803DCF006D8B97 /* LoginResponseModel.swift in Sources */,
				FF19ACBF2885478D00D37011 /* TravellerDetailsView.swift in Sources */,
				FF4D4B8B28805996006D8B97 /* ForgotPasswordView.swift in Sources */,
				FF4D4BAB2882B5A5006D8B97 /* TravellerTravelResponseModel.swift in Sources */,
				FF4D4B672879EBD6006D8B97 /* AppColors.swift in Sources */,
				FF4D4B71287A0025006D8B97 /* LoginView.swift in Sources */,
				FF19ACC228859CD800D37011 /* ProfileDataResponseModel.swift in Sources */,
				FF9BEF322889AEE3004E2500 /* ShippingCostResponseModel.swift in Sources */,
				FF2163BE2888AE4F00FA6605 /* AvailableTravellersResponseDataModel.swift in Sources */,
				FF9AF562288324480094541B /* Extensions.swift in Sources */,
				FF9BEF362889ECA9004E2500 /* ImageUploadResponseModel.swift in Sources */,
				FF19ACB72884BC6200D37011 /* TravellerAcceptRejectRequestModel.swift in Sources */,
				FF9BEF2E2889AA84004E2500 /* SenderShippingRequestModel.swift in Sources */,
				FF4D4B8E28807A9A006D8B97 /* ForgotPasswordRequestModel.swift in Sources */,
				FF4D4BA92882B561006D8B97 /* TravellerTravelRequestModel.swift in Sources */,
				FF4D4B87288045E5006D8B97 /* SwitchRoleRequestModel.swift in Sources */,
				FF4D4B79287DE8B9006D8B97 /* RegisterResponseModel.swift in Sources */,
				FF4D4B9C28808ACC006D8B97 /* TravellerHomeTabView.swift in Sources */,
				FF4D4B652879EB56006D8B97 /* URLs.swift in Sources */,
				FF4D4B6D2879F029006D8B97 /* ScreenSizes.swift in Sources */,
				FF9BEF302889AAC9004E2500 /* SenderShippingResponseModel.swift in Sources */,
				FF4D4B922880845C006D8B97 /* ForgotPasswordOTPResponseModel.swift in Sources */,
				FF4D4BA12881BAF8006D8B97 /* LocationSearchViewFrom.swift in Sources */,
				FF172F562886C68E0035FE5E /* ProfileDataRequest.swift in Sources */,
				FF2163B3288851B600FA6605 /* ShippingDetailsView.swift in Sources */,
				FF4D4B9E2881A694006D8B97 /* TravellerTravelView.swift in Sources */,
				FF19ACB92884BC7400D37011 /* TravellerAcceptRejectResponseModel.swift in Sources */,
				FF2163B82888A22600FA6605 /* AvailableTravellersListView.swift in Sources */,
				FF4D4B9028807AA6006D8B97 /* ForgotPasswordResponseModel.swift in Sources */,
				FF4D4BA62882955B006D8B97 /* LocationSearchViewTo.swift in Sources */,
				FF9AF56B288418FE0094541B /* ShippingProcessDataRequest.swift in Sources */,
				FF2163B6288859CE00FA6605 /* LogoutResponseModel.swift in Sources */,
				FF4D4B7B287DF5BF006D8B97 /* RegisterOTPResponseModel.swift in Sources */,
				FF2163BB2888A40300FA6605 /* TravellerTravelFormViewModel.swift in Sources */,
				FF4D4B74287DA72F006D8B97 /* RegisterRequestModel.swift in Sources */,
				FF4D4BA428820030006D8B97 /* LocationModel.swift in Sources */,
				FF19ACC9288606FD00D37011 /* DeliveredRequestModel.swift in Sources */,
				FF4D4B8028802CEE006D8B97 /* LoginRequestModel.swift in Sources */,
				FF4D4B6F287A0011006D8B97 /* RegisterView.swift in Sources */,
				FF4D4B9828808A80006D8B97 /* SenderHomeTabView.swift in Sources */,
				FF4D4B322879E514006D8B97 /* ShipXApp.swift in Sources */,
				FF4D4B6B2879ECB3006D8B97 /* LoginRegisterSelectionView.swift in Sources */,
				FF9BEF2C28898192004E2500 /* SenderRequestView.swift in Sources */,
				FF9AF5692883F8C50094541B /* TravellerRequestsView.swift in Sources */,
				FF4D4B85288045D7006D8B97 /* SwitchRoleResponseModel.swift in Sources */,
			);
			runOnlyForDeploymentPostprocessing = 0;
		};
		FF4D4B3A2879E517006D8B97 /* Sources */ = {
			isa = PBXSourcesBuildPhase;
			buildActionMask = 2147483647;
			files = (
				FF4D4B432879E517006D8B97 /* ShipXTests.swift in Sources */,
			);
			runOnlyForDeploymentPostprocessing = 0;
		};
		FF4D4B442879E517006D8B97 /* Sources */ = {
			isa = PBXSourcesBuildPhase;
			buildActionMask = 2147483647;
			files = (
				FF4D4B4D2879E517006D8B97 /* ShipXUITests.swift in Sources */,
				FF4D4B4F2879E517006D8B97 /* ShipXUITestsLaunchTests.swift in Sources */,
			);
			runOnlyForDeploymentPostprocessing = 0;
		};
/* End PBXSourcesBuildPhase section */

/* Begin PBXTargetDependency section */
		FF4D4B402879E517006D8B97 /* PBXTargetDependency */ = {
			isa = PBXTargetDependency;
			target = FF4D4B2D2879E513006D8B97 /* ShipX */;
			targetProxy = FF4D4B3F2879E517006D8B97 /* PBXContainerItemProxy */;
		};
		FF4D4B4A2879E517006D8B97 /* PBXTargetDependency */ = {
			isa = PBXTargetDependency;
			target = FF4D4B2D2879E513006D8B97 /* ShipX */;
			targetProxy = FF4D4B492879E517006D8B97 /* PBXContainerItemProxy */;
		};
/* End PBXTargetDependency section */

/* Begin XCBuildConfiguration section */
		FF4D4B502879E517006D8B97 /* Debug */ = {
			isa = XCBuildConfiguration;
			buildSettings = {
				ALWAYS_SEARCH_USER_PATHS = NO;
				CLANG_ANALYZER_NONNULL = YES;
				CLANG_ANALYZER_NUMBER_OBJECT_CONVERSION = YES_AGGRESSIVE;
				CLANG_CXX_LANGUAGE_STANDARD = "gnu++17";
				CLANG_ENABLE_MODULES = YES;
				CLANG_ENABLE_OBJC_ARC = YES;
				CLANG_ENABLE_OBJC_WEAK = YES;
				CLANG_WARN_BLOCK_CAPTURE_AUTORELEASING = YES;
				CLANG_WARN_BOOL_CONVERSION = YES;
				CLANG_WARN_COMMA = YES;
				CLANG_WARN_CONSTANT_CONVERSION = YES;
				CLANG_WARN_DEPRECATED_OBJC_IMPLEMENTATIONS = YES;
				CLANG_WARN_DIRECT_OBJC_ISA_USAGE = YES_ERROR;
				CLANG_WARN_DOCUMENTATION_COMMENTS = YES;
				CLANG_WARN_EMPTY_BODY = YES;
				CLANG_WARN_ENUM_CONVERSION = YES;
				CLANG_WARN_INFINITE_RECURSION = YES;
				CLANG_WARN_INT_CONVERSION = YES;
				CLANG_WARN_NON_LITERAL_NULL_CONVERSION = YES;
				CLANG_WARN_OBJC_IMPLICIT_RETAIN_SELF = YES;
				CLANG_WARN_OBJC_LITERAL_CONVERSION = YES;
				CLANG_WARN_OBJC_ROOT_CLASS = YES_ERROR;
				CLANG_WARN_QUOTED_INCLUDE_IN_FRAMEWORK_HEADER = YES;
				CLANG_WARN_RANGE_LOOP_ANALYSIS = YES;
				CLANG_WARN_STRICT_PROTOTYPES = YES;
				CLANG_WARN_SUSPICIOUS_MOVE = YES;
				CLANG_WARN_UNGUARDED_AVAILABILITY = YES_AGGRESSIVE;
				CLANG_WARN_UNREACHABLE_CODE = YES;
				CLANG_WARN__DUPLICATE_METHOD_MATCH = YES;
				COPY_PHASE_STRIP = NO;
				DEBUG_INFORMATION_FORMAT = dwarf;
				ENABLE_STRICT_OBJC_MSGSEND = YES;
				ENABLE_TESTABILITY = YES;
				GCC_C_LANGUAGE_STANDARD = gnu11;
				GCC_DYNAMIC_NO_PIC = NO;
				GCC_NO_COMMON_BLOCKS = YES;
				GCC_OPTIMIZATION_LEVEL = 0;
				GCC_PREPROCESSOR_DEFINITIONS = (
					"DEBUG=1",
					"$(inherited)",
				);
				GCC_WARN_64_TO_32_BIT_CONVERSION = YES;
				GCC_WARN_ABOUT_RETURN_TYPE = YES_ERROR;
				GCC_WARN_UNDECLARED_SELECTOR = YES;
				GCC_WARN_UNINITIALIZED_AUTOS = YES_AGGRESSIVE;
				GCC_WARN_UNUSED_FUNCTION = YES;
				GCC_WARN_UNUSED_VARIABLE = YES;
				IPHONEOS_DEPLOYMENT_TARGET = 15.5;
				MTL_ENABLE_DEBUG_INFO = INCLUDE_SOURCE;
				MTL_FAST_MATH = YES;
				ONLY_ACTIVE_ARCH = YES;
				SDKROOT = iphoneos;
				SWIFT_ACTIVE_COMPILATION_CONDITIONS = DEBUG;
				SWIFT_OPTIMIZATION_LEVEL = "-Onone";
			};
			name = Debug;
		};
		FF4D4B512879E517006D8B97 /* Release */ = {
			isa = XCBuildConfiguration;
			buildSettings = {
				ALWAYS_SEARCH_USER_PATHS = NO;
				CLANG_ANALYZER_NONNULL = YES;
				CLANG_ANALYZER_NUMBER_OBJECT_CONVERSION = YES_AGGRESSIVE;
				CLANG_CXX_LANGUAGE_STANDARD = "gnu++17";
				CLANG_ENABLE_MODULES = YES;
				CLANG_ENABLE_OBJC_ARC = YES;
				CLANG_ENABLE_OBJC_WEAK = YES;
				CLANG_WARN_BLOCK_CAPTURE_AUTORELEASING = YES;
				CLANG_WARN_BOOL_CONVERSION = YES;
				CLANG_WARN_COMMA = YES;
				CLANG_WARN_CONSTANT_CONVERSION = YES;
				CLANG_WARN_DEPRECATED_OBJC_IMPLEMENTATIONS = YES;
				CLANG_WARN_DIRECT_OBJC_ISA_USAGE = YES_ERROR;
				CLANG_WARN_DOCUMENTATION_COMMENTS = YES;
				CLANG_WARN_EMPTY_BODY = YES;
				CLANG_WARN_ENUM_CONVERSION = YES;
				CLANG_WARN_INFINITE_RECURSION = YES;
				CLANG_WARN_INT_CONVERSION = YES;
				CLANG_WARN_NON_LITERAL_NULL_CONVERSION = YES;
				CLANG_WARN_OBJC_IMPLICIT_RETAIN_SELF = YES;
				CLANG_WARN_OBJC_LITERAL_CONVERSION = YES;
				CLANG_WARN_OBJC_ROOT_CLASS = YES_ERROR;
				CLANG_WARN_QUOTED_INCLUDE_IN_FRAMEWORK_HEADER = YES;
				CLANG_WARN_RANGE_LOOP_ANALYSIS = YES;
				CLANG_WARN_STRICT_PROTOTYPES = YES;
				CLANG_WARN_SUSPICIOUS_MOVE = YES;
				CLANG_WARN_UNGUARDED_AVAILABILITY = YES_AGGRESSIVE;
				CLANG_WARN_UNREACHABLE_CODE = YES;
				CLANG_WARN__DUPLICATE_METHOD_MATCH = YES;
				COPY_PHASE_STRIP = NO;
				DEBUG_INFORMATION_FORMAT = "dwarf-with-dsym";
				ENABLE_NS_ASSERTIONS = NO;
				ENABLE_STRICT_OBJC_MSGSEND = YES;
				GCC_C_LANGUAGE_STANDARD = gnu11;
				GCC_NO_COMMON_BLOCKS = YES;
				GCC_WARN_64_TO_32_BIT_CONVERSION = YES;
				GCC_WARN_ABOUT_RETURN_TYPE = YES_ERROR;
				GCC_WARN_UNDECLARED_SELECTOR = YES;
				GCC_WARN_UNINITIALIZED_AUTOS = YES_AGGRESSIVE;
				GCC_WARN_UNUSED_FUNCTION = YES;
				GCC_WARN_UNUSED_VARIABLE = YES;
				IPHONEOS_DEPLOYMENT_TARGET = 15.5;
				MTL_ENABLE_DEBUG_INFO = NO;
				MTL_FAST_MATH = YES;
				SDKROOT = iphoneos;
				SWIFT_COMPILATION_MODE = wholemodule;
				SWIFT_OPTIMIZATION_LEVEL = "-O";
				VALIDATE_PRODUCT = YES;
			};
			name = Release;
		};
		FF4D4B532879E517006D8B97 /* Debug */ = {
			isa = XCBuildConfiguration;
			buildSettings = {
				ASSETCATALOG_COMPILER_APPICON_NAME = AppIcon;
				ASSETCATALOG_COMPILER_GLOBAL_ACCENT_COLOR_NAME = AccentColor;
				CODE_SIGN_STYLE = Automatic;
				CURRENT_PROJECT_VERSION = 1;
				DEVELOPMENT_ASSET_PATHS = "\"ShipX/Preview Content\"";
				DEVELOPMENT_TEAM = 4JWUSF25X2;
				ENABLE_PREVIEWS = YES;
				GENERATE_INFOPLIST_FILE = YES;
				INFOPLIST_FILE = ShipX/Info.plist;
				INFOPLIST_KEY_CFBundleDisplayName = "";
				INFOPLIST_KEY_UIApplicationSceneManifest_Generation = YES;
				INFOPLIST_KEY_UIApplicationSupportsIndirectInputEvents = YES;
				INFOPLIST_KEY_UISupportedInterfaceOrientations = UIInterfaceOrientationPortrait;
				INFOPLIST_KEY_UISupportedInterfaceOrientations_iPad = "UIInterfaceOrientationPortrait UIInterfaceOrientationPortraitUpsideDown UIInterfaceOrientationLandscapeLeft UIInterfaceOrientationLandscapeRight";
				INFOPLIST_KEY_UISupportedInterfaceOrientations_iPhone = "UIInterfaceOrientationPortrait UIInterfaceOrientationLandscapeLeft UIInterfaceOrientationLandscapeRight";
				INFOPLIST_KEY_UIUserInterfaceStyle = Light;
				IPHONEOS_DEPLOYMENT_TARGET = 15.5;
				LD_RUNPATH_SEARCH_PATHS = (
					"$(inherited)",
					"@executable_path/Frameworks",
				);
				MARKETING_VERSION = 1.0;
				PRODUCT_BUNDLE_IDENTIFIER = com.fahimrahman.ShipXIOS;
				PRODUCT_NAME = "$(TARGET_NAME)";
				SWIFT_EMIT_LOC_STRINGS = YES;
				SWIFT_VERSION = 5.0;
				TARGETED_DEVICE_FAMILY = 1;
			};
			name = Debug;
		};
		FF4D4B542879E517006D8B97 /* Release */ = {
			isa = XCBuildConfiguration;
			buildSettings = {
				ASSETCATALOG_COMPILER_APPICON_NAME = AppIcon;
				ASSETCATALOG_COMPILER_GLOBAL_ACCENT_COLOR_NAME = AccentColor;
				CODE_SIGN_STYLE = Automatic;
				CURRENT_PROJECT_VERSION = 1;
				DEVELOPMENT_ASSET_PATHS = "\"ShipX/Preview Content\"";
				DEVELOPMENT_TEAM = 4JWUSF25X2;
				ENABLE_PREVIEWS = YES;
				GENERATE_INFOPLIST_FILE = YES;
				INFOPLIST_FILE = ShipX/Info.plist;
				INFOPLIST_KEY_CFBundleDisplayName = "";
				INFOPLIST_KEY_UIApplicationSceneManifest_Generation = YES;
				INFOPLIST_KEY_UIApplicationSupportsIndirectInputEvents = YES;
				INFOPLIST_KEY_UISupportedInterfaceOrientations = UIInterfaceOrientationPortrait;
				INFOPLIST_KEY_UISupportedInterfaceOrientations_iPad = "UIInterfaceOrientationPortrait UIInterfaceOrientationPortraitUpsideDown UIInterfaceOrientationLandscapeLeft UIInterfaceOrientationLandscapeRight";
				INFOPLIST_KEY_UISupportedInterfaceOrientations_iPhone = "UIInterfaceOrientationPortrait UIInterfaceOrientationLandscapeLeft UIInterfaceOrientationLandscapeRight";
				INFOPLIST_KEY_UIUserInterfaceStyle = Light;
				IPHONEOS_DEPLOYMENT_TARGET = 15.5;
				LD_RUNPATH_SEARCH_PATHS = (
					"$(inherited)",
					"@executable_path/Frameworks",
				);
				MARKETING_VERSION = 1.0;
				PRODUCT_BUNDLE_IDENTIFIER = com.fahimrahman.ShipXIOS;
				PRODUCT_NAME = "$(TARGET_NAME)";
				SWIFT_EMIT_LOC_STRINGS = YES;
				SWIFT_VERSION = 5.0;
				TARGETED_DEVICE_FAMILY = 1;
			};
			name = Release;
		};
		FF4D4B562879E517006D8B97 /* Debug */ = {
			isa = XCBuildConfiguration;
			buildSettings = {
				ALWAYS_EMBED_SWIFT_STANDARD_LIBRARIES = YES;
				BUNDLE_LOADER = "$(TEST_HOST)";
				CODE_SIGN_STYLE = Automatic;
				CURRENT_PROJECT_VERSION = 1;
				DEVELOPMENT_TEAM = 4JWUSF25X2;
				GENERATE_INFOPLIST_FILE = YES;
				IPHONEOS_DEPLOYMENT_TARGET = 15.5;
				MARKETING_VERSION = 1.0;
				PRODUCT_BUNDLE_IDENTIFIER = com.fahimrahman.ShipXTests;
				PRODUCT_NAME = "$(TARGET_NAME)";
				SWIFT_EMIT_LOC_STRINGS = NO;
				SWIFT_VERSION = 5.0;
				TARGETED_DEVICE_FAMILY = "1,2";
				TEST_HOST = "$(BUILT_PRODUCTS_DIR)/ShipX.app/ShipX";
			};
			name = Debug;
		};
		FF4D4B572879E517006D8B97 /* Release */ = {
			isa = XCBuildConfiguration;
			buildSettings = {
				ALWAYS_EMBED_SWIFT_STANDARD_LIBRARIES = YES;
				BUNDLE_LOADER = "$(TEST_HOST)";
				CODE_SIGN_STYLE = Automatic;
				CURRENT_PROJECT_VERSION = 1;
				DEVELOPMENT_TEAM = 4JWUSF25X2;
				GENERATE_INFOPLIST_FILE = YES;
				IPHONEOS_DEPLOYMENT_TARGET = 15.5;
				MARKETING_VERSION = 1.0;
				PRODUCT_BUNDLE_IDENTIFIER = com.fahimrahman.ShipXTests;
				PRODUCT_NAME = "$(TARGET_NAME)";
				SWIFT_EMIT_LOC_STRINGS = NO;
				SWIFT_VERSION = 5.0;
				TARGETED_DEVICE_FAMILY = "1,2";
				TEST_HOST = "$(BUILT_PRODUCTS_DIR)/ShipX.app/ShipX";
			};
			name = Release;
		};
		FF4D4B592879E517006D8B97 /* Debug */ = {
			isa = XCBuildConfiguration;
			buildSettings = {
				ALWAYS_EMBED_SWIFT_STANDARD_LIBRARIES = YES;
				CODE_SIGN_STYLE = Automatic;
				CURRENT_PROJECT_VERSION = 1;
				DEVELOPMENT_TEAM = 4JWUSF25X2;
				GENERATE_INFOPLIST_FILE = YES;
				MARKETING_VERSION = 1.0;
				PRODUCT_BUNDLE_IDENTIFIER = com.fahimrahman.ShipXUITests;
				PRODUCT_NAME = "$(TARGET_NAME)";
				SWIFT_EMIT_LOC_STRINGS = NO;
				SWIFT_VERSION = 5.0;
				TARGETED_DEVICE_FAMILY = "1,2";
				TEST_TARGET_NAME = ShipX;
			};
			name = Debug;
		};
		FF4D4B5A2879E517006D8B97 /* Release */ = {
			isa = XCBuildConfiguration;
			buildSettings = {
				ALWAYS_EMBED_SWIFT_STANDARD_LIBRARIES = YES;
				CODE_SIGN_STYLE = Automatic;
				CURRENT_PROJECT_VERSION = 1;
				DEVELOPMENT_TEAM = 4JWUSF25X2;
				GENERATE_INFOPLIST_FILE = YES;
				MARKETING_VERSION = 1.0;
				PRODUCT_BUNDLE_IDENTIFIER = com.fahimrahman.ShipXUITests;
				PRODUCT_NAME = "$(TARGET_NAME)";
				SWIFT_EMIT_LOC_STRINGS = NO;
				SWIFT_VERSION = 5.0;
				TARGETED_DEVICE_FAMILY = "1,2";
				TEST_TARGET_NAME = ShipX;
			};
			name = Release;
		};
/* End XCBuildConfiguration section */

/* Begin XCConfigurationList section */
		FF4D4B292879E513006D8B97 /* Build configuration list for PBXProject "ShipX" */ = {
			isa = XCConfigurationList;
			buildConfigurations = (
				FF4D4B502879E517006D8B97 /* Debug */,
				FF4D4B512879E517006D8B97 /* Release */,
			);
			defaultConfigurationIsVisible = 0;
			defaultConfigurationName = Release;
		};
		FF4D4B522879E517006D8B97 /* Build configuration list for PBXNativeTarget "ShipX" */ = {
			isa = XCConfigurationList;
			buildConfigurations = (
				FF4D4B532879E517006D8B97 /* Debug */,
				FF4D4B542879E517006D8B97 /* Release */,
			);
			defaultConfigurationIsVisible = 0;
			defaultConfigurationName = Release;
		};
		FF4D4B552879E517006D8B97 /* Build configuration list for PBXNativeTarget "ShipXTests" */ = {
			isa = XCConfigurationList;
			buildConfigurations = (
				FF4D4B562879E517006D8B97 /* Debug */,
				FF4D4B572879E517006D8B97 /* Release */,
			);
			defaultConfigurationIsVisible = 0;
			defaultConfigurationName = Release;
		};
		FF4D4B582879E517006D8B97 /* Build configuration list for PBXNativeTarget "ShipXUITests" */ = {
			isa = XCConfigurationList;
			buildConfigurations = (
				FF4D4B592879E517006D8B97 /* Debug */,
				FF4D4B5A2879E517006D8B97 /* Release */,
			);
			defaultConfigurationIsVisible = 0;
			defaultConfigurationName = Release;
		};
/* End XCConfigurationList section */

/* Begin XCRemoteSwiftPackageReference section */
		FF4D4B75287DE18F006D8B97 /* XCRemoteSwiftPackageReference "Alamofire" */ = {
			isa = XCRemoteSwiftPackageReference;
			repositoryURL = "https://github.com/Alamofire/Alamofire.git";
			requirement = {
				kind = upToNextMajorVersion;
				minimumVersion = 5.0.0;
			};
		};
/* End XCRemoteSwiftPackageReference section */

/* Begin XCSwiftPackageProductDependency section */
		FF4D4B76287DE18F006D8B97 /* Alamofire */ = {
			isa = XCSwiftPackageProductDependency;
			package = FF4D4B75287DE18F006D8B97 /* XCRemoteSwiftPackageReference "Alamofire" */;
			productName = Alamofire;
		};
/* End XCSwiftPackageProductDependency section */
	};
	rootObject = FF4D4B262879E513006D8B97 /* Project object */;
}
